// !$*UTF8*$!
{
	archiveVersion = 1;
	classes = {
	};
	objectVersion = 56;
	objects = {

/* Begin PBXBuildFile section */
		9AABDB9A29ED8FB40006A9D4 /* AppDelegate.swift in Sources */ = {isa = PBXBuildFile; fileRef = 9AABDB9929ED8FB40006A9D4 /* AppDelegate.swift */; };
		9AABDB9C29ED8FB40006A9D4 /* SceneDelegate.swift in Sources */ = {isa = PBXBuildFile; fileRef = 9AABDB9B29ED8FB40006A9D4 /* SceneDelegate.swift */; };
		9AABDB9E29ED8FB40006A9D4 /* MainController.swift in Sources */ = {isa = PBXBuildFile; fileRef = 9AABDB9D29ED8FB40006A9D4 /* MainController.swift */; };
		9AABDBA129ED8FB40006A9D4 /* Main.storyboard in Resources */ = {isa = PBXBuildFile; fileRef = 9AABDB9F29ED8FB40006A9D4 /* Main.storyboard */; };
		9AABDBA629ED8FB60006A9D4 /* LaunchScreen.storyboard in Resources */ = {isa = PBXBuildFile; fileRef = 9AABDBA429ED8FB60006A9D4 /* LaunchScreen.storyboard */; };
		9AABDBAE29ED91EF0006A9D4 /* FeedController.swift in Sources */ = {isa = PBXBuildFile; fileRef = 9AABDBAD29ED91EF0006A9D4 /* FeedController.swift */; };
		9AABDBB029ED92500006A9D4 /* ExplorerController.swift in Sources */ = {isa = PBXBuildFile; fileRef = 9AABDBAF29ED92500006A9D4 /* ExplorerController.swift */; };
		9AABDBB229ED95B70006A9D4 /* Assets.xcassets in Resources */ = {isa = PBXBuildFile; fileRef = 9AABDBB129ED95B70006A9D4 /* Assets.xcassets */; };
/* End PBXBuildFile section */

/* Begin PBXFileReference section */
		9AABDB9629ED8FB40006A9D4 /* Desafio3.app */ = {isa = PBXFileReference; explicitFileType = wrapper.application; includeInIndex = 0; path = Desafio3.app; sourceTree = BUILT_PRODUCTS_DIR; };
		9AABDB9929ED8FB40006A9D4 /* AppDelegate.swift */ = {isa = PBXFileReference; lastKnownFileType = sourcecode.swift; path = AppDelegate.swift; sourceTree = "<group>"; };
		9AABDB9B29ED8FB40006A9D4 /* SceneDelegate.swift */ = {isa = PBXFileReference; lastKnownFileType = sourcecode.swift; path = SceneDelegate.swift; sourceTree = "<group>"; };
		9AABDB9D29ED8FB40006A9D4 /* MainController.swift */ = {isa = PBXFileReference; lastKnownFileType = sourcecode.swift; path = MainController.swift; sourceTree = "<group>"; };
		9AABDBA029ED8FB40006A9D4 /* Base */ = {isa = PBXFileReference; lastKnownFileType = file.storyboard; name = Base; path = Base.lproj/Main.storyboard; sourceTree = "<group>"; };
		9AABDBA529ED8FB60006A9D4 /* Base */ = {isa = PBXFileReference; lastKnownFileType = file.storyboard; name = Base; path = Base.lproj/LaunchScreen.storyboard; sourceTree = "<group>"; };
		9AABDBA729ED8FB60006A9D4 /* Info.plist */ = {isa = PBXFileReference; lastKnownFileType = text.plist.xml; path = Info.plist; sourceTree = "<group>"; };
		9AABDBAD29ED91EF0006A9D4 /* FeedController.swift */ = {isa = PBXFileReference; lastKnownFileType = sourcecode.swift; path = FeedController.swift; sourceTree = "<group>"; };
		9AABDBAF29ED92500006A9D4 /* ExplorerController.swift */ = {isa = PBXFileReference; lastKnownFileType = sourcecode.swift; path = ExplorerController.swift; sourceTree = "<group>"; };
		9AABDBB129ED95B70006A9D4 /* Assets.xcassets */ = {isa = PBXFileReference; lastKnownFileType = folder.assetcatalog; path = Assets.xcassets; sourceTree = SOURCE_ROOT; };
/* End PBXFileReference section */

/* Begin PBXFrameworksBuildPhase section */
		9AABDB9329ED8FB40006A9D4 /* Frameworks */ = {
			isa = PBXFrameworksBuildPhase;
			buildActionMask = 2147483647;
			files = (
			);
			runOnlyForDeploymentPostprocessing = 0;
		};
/* End PBXFrameworksBuildPhase section */

/* Begin PBXGroup section */
		9AABDB8D29ED8FB40006A9D4 = {
			isa = PBXGroup;
			children = (
				9AABDB9829ED8FB40006A9D4 /* Desafio3 */,
				9AABDB9729ED8FB40006A9D4 /* Products */,
			);
			sourceTree = "<group>";
		};
		9AABDB9729ED8FB40006A9D4 /* Products */ = {
			isa = PBXGroup;
			children = (
				9AABDB9629ED8FB40006A9D4 /* Desafio3.app */,
			);
			name = Products;
			sourceTree = "<group>";
		};
		9AABDB9829ED8FB40006A9D4 /* Desafio3 */ = {
			isa = PBXGroup;
			children = (
				9AABDB9929ED8FB40006A9D4 /* AppDelegate.swift */,
				9AABDB9B29ED8FB40006A9D4 /* SceneDelegate.swift */,
				9AABDB9D29ED8FB40006A9D4 /* MainController.swift */,
				9AABDBAD29ED91EF0006A9D4 /* FeedController.swift */,
				9AABDBAF29ED92500006A9D4 /* ExplorerController.swift */,
				9AABDB9F29ED8FB40006A9D4 /* Main.storyboard */,
				9AABDBB129ED95B70006A9D4 /* Assets.xcassets */,
				9AABDBA429ED8FB60006A9D4 /* LaunchScreen.storyboard */,
				9AABDBA729ED8FB60006A9D4 /* Info.plist */,
			);
			path = Desafio3;
			sourceTree = "<group>";
		};
/* End PBXGroup section */

/* Begin PBXNativeTarget section */
		9AABDB9529ED8FB40006A9D4 /* Desafio3 */ = {
			isa = PBXNativeTarget;
			buildConfigurationList = 9AABDBAA29ED8FB60006A9D4 /* Build configuration list for PBXNativeTarget "Desafio3" */;
			buildPhases = (
				9AABDB9229ED8FB40006A9D4 /* Sources */,
				9AABDB9329ED8FB40006A9D4 /* Frameworks */,
				9AABDB9429ED8FB40006A9D4 /* Resources */,
			);
			buildRules = (
			);
			dependencies = (
			);
			name = Desafio3;
			productName = Desafio3;
			productReference = 9AABDB9629ED8FB40006A9D4 /* Desafio3.app */;
			productType = "com.apple.product-type.application";
		};
/* End PBXNativeTarget section */

/* Begin PBXProject section */
		9AABDB8E29ED8FB40006A9D4 /* Project object */ = {
			isa = PBXProject;
			attributes = {
				BuildIndependentTargetsInParallel = 1;
				LastSwiftUpdateCheck = 1420;
				LastUpgradeCheck = 1420;
				TargetAttributes = {
					9AABDB9529ED8FB40006A9D4 = {
						CreatedOnToolsVersion = 14.2;
					};
				};
			};
			buildConfigurationList = 9AABDB9129ED8FB40006A9D4 /* Build configuration list for PBXProject "Desafio3" */;
			compatibilityVersion = "Xcode 14.0";
			developmentRegion = en;
			hasScannedForEncodings = 0;
			knownRegions = (
				en,
				Base,
			);
			mainGroup = 9AABDB8D29ED8FB40006A9D4;
			productRefGroup = 9AABDB9729ED8FB40006A9D4 /* Products */;
			projectDirPath = "";
			projectRoot = "";
			targets = (
				9AABDB9529ED8FB40006A9D4 /* Desafio3 */,
			);
		};
/* End PBXProject section */

/* Begin PBXResourcesBuildPhase section */
		9AABDB9429ED8FB40006A9D4 /* Resources */ = {
			isa = PBXResourcesBuildPhase;
			buildActionMask = 2147483647;
			files = (
				9AABDBA629ED8FB60006A9D4 /* LaunchScreen.storyboard in Resources */,
				9AABDBB229ED95B70006A9D4 /* Assets.xcassets in Resources */,
				9AABDBA129ED8FB40006A9D4 /* Main.storyboard in Resources */,
			);
			runOnlyForDeploymentPostprocessing = 0;
		};
/* End PBXResourcesBuildPhase section */

/* Begin PBXSourcesBuildPhase section */
		9AABDB9229ED8FB40006A9D4 /* Sources */ = {
			isa = PBXSourcesBuildPhase;
			buildActionMask = 2147483647;
			files = (
				9AABDB9E29ED8FB40006A9D4 /* MainController.swift in Sources */,
				9AABDB9A29ED8FB40006A9D4 /* AppDelegate.swift in Sources */,
				9AABDBB029ED92500006A9D4 /* ExplorerController.swift in Sources */,
				9AABDB9C29ED8FB40006A9D4 /* SceneDelegate.swift in Sources */,
				9AABDBAE29ED91EF0006A9D4 /* FeedController.swift in Sources */,
			);
			runOnlyForDeploymentPostprocessing = 0;
		};
/* End PBXSourcesBuildPhase section */

/* Begin PBXVariantGroup section */
		9AABDB9F29ED8FB40006A9D4 /* Main.storyboard */ = {
			isa = PBXVariantGroup;
			children = (
				9AABDBA029ED8FB40006A9D4 /* Base */,
			);
			name = Main.storyboard;
			sourceTree = "<group>";
		};
		9AABDBA429ED8FB60006A9D4 /* LaunchScreen.storyboard */ = {
			isa = PBXVariantGroup;
			children = (
				9AABDBA529ED8FB60006A9D4 /* Base */,
			);
			name = LaunchScreen.storyboard;
			sourceTree = "<group>";
		};
/* End PBXVariantGroup section */

/* Begin XCBuildConfiguration section */
		9AABDBA829ED8FB60006A9D4 /* Debug */ = {
			isa = XCBuildConfiguration;
			buildSettings = {
				ALWAYS_SEARCH_USER_PATHS = NO;
				CLANG_ANALYZER_NONNULL = YES;
				CLANG_ANALYZER_NUMBER_OBJECT_CONVERSION = YES_AGGRESSIVE;
				CLANG_CXX_LANGUAGE_STANDARD = "gnu++20";
				CLANG_ENABLE_MODULES = YES;
				CLANG_ENABLE_OBJC_ARC = YES;
				CLANG_ENABLE_OBJC_WEAK = YES;
				CLANG_WARN_BLOCK_CAPTURE_AUTORELEASING = YES;
				CLANG_WARN_BOOL_CONVERSION = YES;
				CLANG_WARN_COMMA = YES;
				CLANG_WARN_CONSTANT_CONVERSION = YES;
				CLANG_WARN_DEPRECATED_OBJC_IMPLEMENTATIONS = YES;
				CLANG_WARN_DIRECT_OBJC_ISA_USAGE = YES_ERROR;
				CLANG_WARN_DOCUMENTATION_COMMENTS = YES;
				CLANG_WARN_EMPTY_BODY = YES;
				CLANG_WARN_ENUM_CONVERSION = YES;
				CLANG_WARN_INFINITE_RECURSION = YES;
				CLANG_WARN_INT_CONVERSION = YES;
				CLANG_WARN_NON_LITERAL_NULL_CONVERSION = YES;
				CLANG_WARN_OBJC_IMPLICIT_RETAIN_SELF = YES;
				CLANG_WARN_OBJC_LITERAL_CONVERSION = YES;
				CLANG_WARN_OBJC_ROOT_CLASS = YES_ERROR;
				CLANG_WARN_QUOTED_INCLUDE_IN_FRAMEWORK_HEADER = YES;
				CLANG_WARN_RANGE_LOOP_ANALYSIS = YES;
				CLANG_WARN_STRICT_PROTOTYPES = YES;
				CLANG_WARN_SUSPICIOUS_MOVE = YES;
				CLANG_WARN_UNGUARDED_AVAILABILITY = YES_AGGRESSIVE;
				CLANG_WARN_UNREACHABLE_CODE = YES;
				CLANG_WARN__DUPLICATE_METHOD_MATCH = YES;
				COPY_PHASE_STRIP = NO;
				DEBUG_INFORMATION_FORMAT = dwarf;
				ENABLE_STRICT_OBJC_MSGSEND = YES;
				ENABLE_TESTABILITY = YES;
				GCC_C_LANGUAGE_STANDARD = gnu11;
				GCC_DYNAMIC_NO_PIC = NO;
				GCC_NO_COMMON_BLOCKS = YES;
				GCC_OPTIMIZATION_LEVEL = 0;
				GCC_PREPROCESSOR_DEFINITIONS = (
					"DEBUG=1",
					"$(inherited)",
				);
				GCC_WARN_64_TO_32_BIT_CONVERSION = YES;
				GCC_WARN_ABOUT_RETURN_TYPE = YES_ERROR;
				GCC_WARN_UNDECLARED_SELECTOR = YES;
				GCC_WARN_UNINITIALIZED_AUTOS = YES_AGGRESSIVE;
				GCC_WARN_UNUSED_FUNCTION = YES;
				GCC_WARN_UNUSED_VARIABLE = YES;
				IPHONEOS_DEPLOYMENT_TARGET = 16.2;
				MTL_ENABLE_DEBUG_INFO = INCLUDE_SOURCE;
				MTL_FAST_MATH = YES;
				ONLY_ACTIVE_ARCH = YES;
				SDKROOT = iphoneos;
				SWIFT_ACTIVE_COMPILATION_CONDITIONS = DEBUG;
				SWIFT_OPTIMIZATION_LEVEL = "-Onone";
			};
			name = Debug;
		};
		9AABDBA929ED8FB60006A9D4 /* Release */ = {
			isa = XCBuildConfiguration;
			buildSettings = {
				ALWAYS_SEARCH_USER_PATHS = NO;
				CLANG_ANALYZER_NONNULL = YES;
				CLANG_ANALYZER_NUMBER_OBJECT_CONVERSION = YES_AGGRESSIVE;
				CLANG_CXX_LANGUAGE_STANDARD = "gnu++20";
				CLANG_ENABLE_MODULES = YES;
				CLANG_ENABLE_OBJC_ARC = YES;
				CLANG_ENABLE_OBJC_WEAK = YES;
				CLANG_WARN_BLOCK_CAPTURE_AUTORELEASING = YES;
				CLANG_WARN_BOOL_CONVERSION = YES;
				CLANG_WARN_COMMA = YES;
				CLANG_WARN_CONSTANT_CONVERSION = YES;
				CLANG_WARN_DEPRECATED_OBJC_IMPLEMENTATIONS = YES;
				CLANG_WARN_DIRECT_OBJC_ISA_USAGE = YES_ERROR;
				CLANG_WARN_DOCUMENTATION_COMMENTS = YES;
				CLANG_WARN_EMPTY_BODY = YES;
				CLANG_WARN_ENUM_CONVERSION = YES;
				CLANG_WARN_INFINITE_RECURSION = YES;
				CLANG_WARN_INT_CONVERSION = YES;
				CLANG_WARN_NON_LITERAL_NULL_CONVERSION = YES;
				CLANG_WARN_OBJC_IMPLICIT_RETAIN_SELF = YES;
				CLANG_WARN_OBJC_LITERAL_CONVERSION = YES;
				CLANG_WARN_OBJC_ROOT_CLASS = YES_ERROR;
				CLANG_WARN_QUOTED_INCLUDE_IN_FRAMEWORK_HEADER = YES;
				CLANG_WARN_RANGE_LOOP_ANALYSIS = YES;
				CLANG_WARN_STRICT_PROTOTYPES = YES;
				CLANG_WARN_SUSPICIOUS_MOVE = YES;
				CLANG_WARN_UNGUARDED_AVAILABILITY = YES_AGGRESSIVE;
				CLANG_WARN_UNREACHABLE_CODE = YES;
				CLANG_WARN__DUPLICATE_METHOD_MATCH = YES;
				COPY_PHASE_STRIP = NO;
				DEBUG_INFORMATION_FORMAT = "dwarf-with-dsym";
				ENABLE_NS_ASSERTIONS = NO;
				ENABLE_STRICT_OBJC_MSGSEND = YES;
				GCC_C_LANGUAGE_STANDARD = gnu11;
				GCC_NO_COMMON_BLOCKS = YES;
				GCC_WARN_64_TO_32_BIT_CONVERSION = YES;
				GCC_WARN_ABOUT_RETURN_TYPE = YES_ERROR;
				GCC_WARN_UNDECLARED_SELECTOR = YES;
				GCC_WARN_UNINITIALIZED_AUTOS = YES_AGGRESSIVE;
				GCC_WARN_UNUSED_FUNCTION = YES;
				GCC_WARN_UNUSED_VARIABLE = YES;
				IPHONEOS_DEPLOYMENT_TARGET = 16.2;
				MTL_ENABLE_DEBUG_INFO = NO;
				MTL_FAST_MATH = YES;
				SDKROOT = iphoneos;
				SWIFT_COMPILATION_MODE = wholemodule;
				SWIFT_OPTIMIZATION_LEVEL = "-O";
				VALIDATE_PRODUCT = YES;
			};
			name = Release;
		};
		9AABDBAB29ED8FB60006A9D4 /* Debug */ = {
			isa = XCBuildConfiguration;
			buildSettings = {
				ASSETCATALOG_COMPILER_APPICON_NAME = AppIcon;
				ASSETCATALOG_COMPILER_GLOBAL_ACCENT_COLOR_NAME = AccentColor;
				CODE_SIGN_STYLE = Automatic;
				CURRENT_PROJECT_VERSION = 1;
				GENERATE_INFOPLIST_FILE = YES;
				INFOPLIST_FILE = Desafio3/Info.plist;
				INFOPLIST_KEY_UIApplicationSupportsIndirectInputEvents = YES;
				INFOPLIST_KEY_UILaunchStoryboardName = LaunchScreen;
				INFOPLIST_KEY_UIMainStoryboardFile = Main;
				INFOPLIST_KEY_UISupportedInterfaceOrientations_iPad = "UIInterfaceOrientationPortrait UIInterfaceOrientationPortraitUpsideDown UIInterfaceOrientationLandscapeLeft UIInterfaceOrientationLandscapeRight";
				INFOPLIST_KEY_UISupportedInterfaceOrientations_iPhone = "UIInterfaceOrientationPortrait UIInterfaceOrientationLandscapeLeft UIInterfaceOrientationLandscapeRight";
				LD_RUNPATH_SEARCH_PATHS = (
					"$(inherited)",
					"@executable_path/Frameworks",
				);
				MARKETING_VERSION = 1.0;
				PRODUCT_BUNDLE_IDENTIFIER = niii.Desafio3;
				PRODUCT_NAME = "$(TARGET_NAME)";
				SWIFT_EMIT_LOC_STRINGS = YES;
				SWIFT_VERSION = 5.0;
				TARGETED_DEVICE_FAMILY = "1,2";
			};
			name = Debug;
		};
		9AABDBAC29ED8FB60006A9D4 /* Release */ = {
			isa = XCBuildConfiguration;
			buildSettings = {
				ASSETCATALOG_COMPILER_APPICON_NAME = AppIcon;
				ASSETCATALOG_COMPILER_GLOBAL_ACCENT_COLOR_NAME = AccentColor;
				CODE_SIGN_STYLE = Automatic;
				CURRENT_PROJECT_VERSION = 1;
				GENERATE_INFOPLIST_FILE = YES;
				INFOPLIST_FILE = Desafio3/Info.plist;
				INFOPLIST_KEY_UIApplicationSupportsIndirectInputEvents = YES;
				INFOPLIST_KEY_UILaunchStoryboardName = LaunchScreen;
				INFOPLIST_KEY_UIMainStoryboardFile = Main;
				INFOPLIST_KEY_UISupportedInterfaceOrientations_iPad = "UIInterfaceOrientationPortrait UIInterfaceOrientationPortraitUpsideDown UIInterfaceOrientationLandscapeLeft UIInterfaceOrientationLandscapeRight";
				INFOPLIST_KEY_UISupportedInterfaceOrientations_iPhone = "UIInterfaceOrientationPortrait UIInterfaceOrientationLandscapeLeft UIInterfaceOrientationLandscapeRight";
				LD_RUNPATH_SEARCH_PATHS = (
					"$(inherited)",
					"@executable_path/Frameworks",
				);
				MARKETING_VERSION = 1.0;
				PRODUCT_BUNDLE_IDENTIFIER = niii.Desafio3;
				PRODUCT_NAME = "$(TARGET_NAME)";
				SWIFT_EMIT_LOC_STRINGS = YES;
				SWIFT_VERSION = 5.0;
				TARGETED_DEVICE_FAMILY = "1,2";
			};
			name = Release;
		};
/* End XCBuildConfiguration section */

/* Begin XCConfigurationList section */
		9AABDB9129ED8FB40006A9D4 /* Build configuration list for PBXProject "Desafio3" */ = {
			isa = XCConfigurationList;
			buildConfigurations = (
				9AABDBA829ED8FB60006A9D4 /* Debug */,
				9AABDBA929ED8FB60006A9D4 /* Release */,
			);
			defaultConfigurationIsVisible = 0;
			defaultConfigurationName = Release;
		};
		9AABDBAA29ED8FB60006A9D4 /* Build configuration list for PBXNativeTarget "Desafio3" */ = {
			isa = XCConfigurationList;
			buildConfigurations = (
				9AABDBAB29ED8FB60006A9D4 /* Debug */,
				9AABDBAC29ED8FB60006A9D4 /* Release */,
			);
			defaultConfigurationIsVisible = 0;
			defaultConfigurationName = Release;
		};
/* End XCConfigurationList section */
	};
	rootObject = 9AABDB8E29ED8FB40006A9D4 /* Project object */;
}
